
Microsoft Visual Studio Solution File, Format Version 12.00
# Visual Studio Version 16
VisualStudioVersion = 16.0.29806.167
MinimumVisualStudioVersion = 10.0.40219.1
Project("{FAE04EC0-301F-11D3-BF4B-00C04F79EFBC}") = "Belfast-weather-forecast-backend", "Belfast-weather-forecast-backend.csproj", "{7A036AF7-004C-4943-91D8-69C2D6304086}"
EndProject
Global
	GlobalSection(SolutionConfigurationPlatforms) = preSolution
		Debug|Any CPU = Debug|Any CPU
		Release|Any CPU = Release|Any CPU
	EndGlobalSection
	GlobalSection(ProjectConfigurationPlatforms) = postSolution
		{7A036AF7-004C-4943-91D8-69C2D6304086}.Debug|Any CPU.ActiveCfg = Debug|Any CPU
		{7A036AF7-004C-4943-91D8-69C2D6304086}.Debug|Any CPU.Build.0 = Debug|Any CPU
		{7A036AF7-004C-4943-91D8-69C2D6304086}.Release|Any CPU.ActiveCfg = Release|Any CPU
		{7A036AF7-004C-4943-91D8-69C2D6304086}.Release|Any CPU.Build.0 = Release|Any CPU
	EndGlobalSection
	GlobalSection(SolutionProperties) = preSolution
		HideSolutionNode = FALSE
	EndGlobalSection
	GlobalSection(ExtensibilityGlobals) = postSolution
		SolutionGuid = {392500A8-367F-4D57-9401-83083749CEE6}
	EndGlobalSection
EndGlobal
